// !$*UTF8*$!
{
	archiveVersion = 1;
	classes = {
	};
	objectVersion = 55;
	objects = {

/* Begin PBXBuildFile section */
		AC64748B27D5BAEB00FAFB6E /* AppDelegate.swift in Sources */ = {isa = PBXBuildFile; fileRef = AC64748A27D5BAEB00FAFB6E /* AppDelegate.swift */; };
		AC64748D27D5BAEB00FAFB6E /* SceneDelegate.swift in Sources */ = {isa = PBXBuildFile; fileRef = AC64748C27D5BAEB00FAFB6E /* SceneDelegate.swift */; };
		AC64748F27D5BAEB00FAFB6E /* ViewController.swift in Sources */ = {isa = PBXBuildFile; fileRef = AC64748E27D5BAEB00FAFB6E /* ViewController.swift */; };
		AC64749227D5BAEB00FAFB6E /* Main.storyboard in Resources */ = {isa = PBXBuildFile; fileRef = AC64749027D5BAEB00FAFB6E /* Main.storyboard */; };
		AC64749427D5BAEB00FAFB6E /* Assets.xcassets in Resources */ = {isa = PBXBuildFile; fileRef = AC64749327D5BAEB00FAFB6E /* Assets.xcassets */; };
		AC64749727D5BAEB00FAFB6E /* LaunchScreen.storyboard in Resources */ = {isa = PBXBuildFile; fileRef = AC64749527D5BAEB00FAFB6E /* LaunchScreen.storyboard */; };
		AC7A0E1727D7214D001F5896 /* BookMarkViewController.swift in Sources */ = {isa = PBXBuildFile; fileRef = AC7A0E1627D7214D001F5896 /* BookMarkViewController.swift */; };
		AC7A0E1D27D74270001F5896 /* BookmarkStorage.swift in Sources */ = {isa = PBXBuildFile; fileRef = AC7A0E1C27D74270001F5896 /* BookmarkStorage.swift */; };
		AC7A0E2127D7466B001F5896 /* BookMarkError.swift in Sources */ = {isa = PBXBuildFile; fileRef = AC7A0E2027D7466B001F5896 /* BookMarkError.swift */; };
		AC7A0E2327D756BB001F5896 /* BookmarkTableViewCell.swift in Sources */ = {isa = PBXBuildFile; fileRef = AC7A0E2227D756BB001F5896 /* BookmarkTableViewCell.swift */; };
/* End PBXBuildFile section */

/* Begin PBXFileReference section */
		AC64748727D5BAEB00FAFB6E /* Loawa-for-iOS.app */ = {isa = PBXFileReference; explicitFileType = wrapper.application; includeInIndex = 0; path = "Loawa-for-iOS.app"; sourceTree = BUILT_PRODUCTS_DIR; };
		AC64748A27D5BAEB00FAFB6E /* AppDelegate.swift */ = {isa = PBXFileReference; lastKnownFileType = sourcecode.swift; path = AppDelegate.swift; sourceTree = "<group>"; };
		AC64748C27D5BAEB00FAFB6E /* SceneDelegate.swift */ = {isa = PBXFileReference; lastKnownFileType = sourcecode.swift; path = SceneDelegate.swift; sourceTree = "<group>"; };
		AC64748E27D5BAEB00FAFB6E /* ViewController.swift */ = {isa = PBXFileReference; lastKnownFileType = sourcecode.swift; path = ViewController.swift; sourceTree = "<group>"; };
		AC64749127D5BAEB00FAFB6E /* Base */ = {isa = PBXFileReference; lastKnownFileType = file.storyboard; name = Base; path = Base.lproj/Main.storyboard; sourceTree = "<group>"; };
		AC64749327D5BAEB00FAFB6E /* Assets.xcassets */ = {isa = PBXFileReference; lastKnownFileType = folder.assetcatalog; path = Assets.xcassets; sourceTree = "<group>"; };
		AC64749627D5BAEB00FAFB6E /* Base */ = {isa = PBXFileReference; lastKnownFileType = file.storyboard; name = Base; path = Base.lproj/LaunchScreen.storyboard; sourceTree = "<group>"; };
		AC64749827D5BAEB00FAFB6E /* Info.plist */ = {isa = PBXFileReference; lastKnownFileType = text.plist.xml; path = Info.plist; sourceTree = "<group>"; };
		AC7A0E1627D7214D001F5896 /* BookMarkViewController.swift */ = {isa = PBXFileReference; lastKnownFileType = sourcecode.swift; path = BookMarkViewController.swift; sourceTree = "<group>"; };
		AC7A0E1C27D74270001F5896 /* BookmarkStorage.swift */ = {isa = PBXFileReference; lastKnownFileType = sourcecode.swift; path = BookmarkStorage.swift; sourceTree = "<group>"; };
		AC7A0E2027D7466B001F5896 /* BookMarkError.swift */ = {isa = PBXFileReference; lastKnownFileType = sourcecode.swift; path = BookMarkError.swift; sourceTree = "<group>"; };
		AC7A0E2227D756BB001F5896 /* BookmarkTableViewCell.swift */ = {isa = PBXFileReference; lastKnownFileType = sourcecode.swift; path = BookmarkTableViewCell.swift; sourceTree = "<group>"; };
/* End PBXFileReference section */

/* Begin PBXFrameworksBuildPhase section */
		AC64748427D5BAEB00FAFB6E /* Frameworks */ = {
			isa = PBXFrameworksBuildPhase;
			buildActionMask = 2147483647;
			files = (
			);
			runOnlyForDeploymentPostprocessing = 0;
		};
/* End PBXFrameworksBuildPhase section */

/* Begin PBXGroup section */
		AC64747E27D5BAEB00FAFB6E = {
			isa = PBXGroup;
			children = (
				AC64748927D5BAEB00FAFB6E /* Loawa-for-iOS */,
				AC64748827D5BAEB00FAFB6E /* Products */,
			);
			sourceTree = "<group>";
		};
		AC64748827D5BAEB00FAFB6E /* Products */ = {
			isa = PBXGroup;
			children = (
				AC64748727D5BAEB00FAFB6E /* Loawa-for-iOS.app */,
			);
			name = Products;
			sourceTree = "<group>";
		};
		AC64748927D5BAEB00FAFB6E /* Loawa-for-iOS */ = {
			isa = PBXGroup;
			children = (
				AC7A0E1E27D74276001F5896 /* Model */,
				AC7A0E1F27D7427F001F5896 /* Controller */,
				AC64749027D5BAEB00FAFB6E /* Main.storyboard */,
				AC64749327D5BAEB00FAFB6E /* Assets.xcassets */,
				AC64749527D5BAEB00FAFB6E /* LaunchScreen.storyboard */,
				AC64749827D5BAEB00FAFB6E /* Info.plist */,
			);
			path = "Loawa-for-iOS";
			sourceTree = "<group>";
		};
		AC7A0E1E27D74276001F5896 /* Model */ = {
			isa = PBXGroup;
			children = (
				AC7A0E1C27D74270001F5896 /* BookmarkStorage.swift */,
				AC7A0E2027D7466B001F5896 /* BookMarkError.swift */,
			);
			path = Model;
			sourceTree = "<group>";
		};
		AC7A0E1F27D7427F001F5896 /* Controller */ = {
			isa = PBXGroup;
			children = (
				AC64748A27D5BAEB00FAFB6E /* AppDelegate.swift */,
				AC64748C27D5BAEB00FAFB6E /* SceneDelegate.swift */,
				AC64748E27D5BAEB00FAFB6E /* ViewController.swift */,
				AC7A0E1627D7214D001F5896 /* BookMarkViewController.swift */,
				AC7A0E2227D756BB001F5896 /* BookmarkTableViewCell.swift */,
			);
			path = Controller;
			sourceTree = "<group>";
		};
/* End PBXGroup section */

/* Begin PBXNativeTarget section */
		AC64748627D5BAEB00FAFB6E /* Loawa-for-iOS */ = {
			isa = PBXNativeTarget;
			buildConfigurationList = AC64749B27D5BAEB00FAFB6E /* Build configuration list for PBXNativeTarget "Loawa-for-iOS" */;
			buildPhases = (
				AC64748327D5BAEB00FAFB6E /* Sources */,
				AC64748427D5BAEB00FAFB6E /* Frameworks */,
				AC64748527D5BAEB00FAFB6E /* Resources */,
			);
			buildRules = (
			);
			dependencies = (
			);
			name = "Loawa-for-iOS";
			productName = "Loawa-for-iOS";
			productReference = AC64748727D5BAEB00FAFB6E /* Loawa-for-iOS.app */;
			productType = "com.apple.product-type.application";
		};
/* End PBXNativeTarget section */

/* Begin PBXProject section */
		AC64747F27D5BAEB00FAFB6E /* Project object */ = {
			isa = PBXProject;
			attributes = {
				BuildIndependentTargetsInParallel = 1;
				LastSwiftUpdateCheck = 1320;
				LastUpgradeCheck = 1320;
				TargetAttributes = {
					AC64748627D5BAEB00FAFB6E = {
						CreatedOnToolsVersion = 13.2.1;
					};
				};
			};
			buildConfigurationList = AC64748227D5BAEB00FAFB6E /* Build configuration list for PBXProject "Loawa-for-iOS" */;
			compatibilityVersion = "Xcode 13.0";
			developmentRegion = en;
			hasScannedForEncodings = 0;
			knownRegions = (
				en,
				Base,
			);
			mainGroup = AC64747E27D5BAEB00FAFB6E;
			productRefGroup = AC64748827D5BAEB00FAFB6E /* Products */;
			projectDirPath = "";
			projectRoot = "";
			targets = (
				AC64748627D5BAEB00FAFB6E /* Loawa-for-iOS */,
			);
		};
/* End PBXProject section */

/* Begin PBXResourcesBuildPhase section */
		AC64748527D5BAEB00FAFB6E /* Resources */ = {
			isa = PBXResourcesBuildPhase;
			buildActionMask = 2147483647;
			files = (
				AC64749727D5BAEB00FAFB6E /* LaunchScreen.storyboard in Resources */,
				AC64749427D5BAEB00FAFB6E /* Assets.xcassets in Resources */,
				AC64749227D5BAEB00FAFB6E /* Main.storyboard in Resources */,
			);
			runOnlyForDeploymentPostprocessing = 0;
		};
/* End PBXResourcesBuildPhase section */

/* Begin PBXSourcesBuildPhase section */
		AC64748327D5BAEB00FAFB6E /* Sources */ = {
			isa = PBXSourcesBuildPhase;
			buildActionMask = 2147483647;
			files = (
				AC7A0E1727D7214D001F5896 /* BookMarkViewController.swift in Sources */,
				AC64748F27D5BAEB00FAFB6E /* ViewController.swift in Sources */,
				AC7A0E1D27D74270001F5896 /* BookmarkStorage.swift in Sources */,
				AC64748B27D5BAEB00FAFB6E /* AppDelegate.swift in Sources */,
				AC7A0E2327D756BB001F5896 /* BookmarkTableViewCell.swift in Sources */,
				AC64748D27D5BAEB00FAFB6E /* SceneDelegate.swift in Sources */,
				AC7A0E2127D7466B001F5896 /* BookMarkError.swift in Sources */,
			);
			runOnlyForDeploymentPostprocessing = 0;
		};
/* End PBXSourcesBuildPhase section */

/* Begin PBXVariantGroup section */
		AC64749027D5BAEB00FAFB6E /* Main.storyboard */ = {
			isa = PBXVariantGroup;
			children = (
				AC64749127D5BAEB00FAFB6E /* Base */,
			);
			name = Main.storyboard;
			sourceTree = "<group>";
		};
		AC64749527D5BAEB00FAFB6E /* LaunchScreen.storyboard */ = {
			isa = PBXVariantGroup;
			children = (
				AC64749627D5BAEB00FAFB6E /* Base */,
			);
			name = LaunchScreen.storyboard;
			sourceTree = "<group>";
		};
/* End PBXVariantGroup section */

/* Begin XCBuildConfiguration section */
		AC64749927D5BAEB00FAFB6E /* Debug */ = {
			isa = XCBuildConfiguration;
			buildSettings = {
				ALWAYS_SEARCH_USER_PATHS = NO;
				CLANG_ANALYZER_NONNULL = YES;
				CLANG_ANALYZER_NUMBER_OBJECT_CONVERSION = YES_AGGRESSIVE;
				CLANG_CXX_LANGUAGE_STANDARD = "gnu++17";
				CLANG_CXX_LIBRARY = "libc++";
				CLANG_ENABLE_MODULES = YES;
				CLANG_ENABLE_OBJC_ARC = YES;
				CLANG_ENABLE_OBJC_WEAK = YES;
				CLANG_WARN_BLOCK_CAPTURE_AUTORELEASING = YES;
				CLANG_WARN_BOOL_CONVERSION = YES;
				CLANG_WARN_COMMA = YES;
				CLANG_WARN_CONSTANT_CONVERSION = YES;
				CLANG_WARN_DEPRECATED_OBJC_IMPLEMENTATIONS = YES;
				CLANG_WARN_DIRECT_OBJC_ISA_USAGE = YES_ERROR;
				CLANG_WARN_DOCUMENTATION_COMMENTS = YES;
				CLANG_WARN_EMPTY_BODY = YES;
				CLANG_WARN_ENUM_CONVERSION = YES;
				CLANG_WARN_INFINITE_RECURSION = YES;
				CLANG_WARN_INT_CONVERSION = YES;
				CLANG_WARN_NON_LITERAL_NULL_CONVERSION = YES;
				CLANG_WARN_OBJC_IMPLICIT_RETAIN_SELF = YES;
				CLANG_WARN_OBJC_LITERAL_CONVERSION = YES;
				CLANG_WARN_OBJC_ROOT_CLASS = YES_ERROR;
				CLANG_WARN_QUOTED_INCLUDE_IN_FRAMEWORK_HEADER = YES;
				CLANG_WARN_RANGE_LOOP_ANALYSIS = YES;
				CLANG_WARN_STRICT_PROTOTYPES = YES;
				CLANG_WARN_SUSPICIOUS_MOVE = YES;
				CLANG_WARN_UNGUARDED_AVAILABILITY = YES_AGGRESSIVE;
				CLANG_WARN_UNREACHABLE_CODE = YES;
				CLANG_WARN__DUPLICATE_METHOD_MATCH = YES;
				COPY_PHASE_STRIP = NO;
				DEBUG_INFORMATION_FORMAT = dwarf;
				ENABLE_STRICT_OBJC_MSGSEND = YES;
				ENABLE_TESTABILITY = YES;
				GCC_C_LANGUAGE_STANDARD = gnu11;
				GCC_DYNAMIC_NO_PIC = NO;
				GCC_NO_COMMON_BLOCKS = YES;
				GCC_OPTIMIZATION_LEVEL = 0;
				GCC_PREPROCESSOR_DEFINITIONS = (
					"DEBUG=1",
					"$(inherited)",
				);
				GCC_WARN_64_TO_32_BIT_CONVERSION = YES;
				GCC_WARN_ABOUT_RETURN_TYPE = YES_ERROR;
				GCC_WARN_UNDECLARED_SELECTOR = YES;
				GCC_WARN_UNINITIALIZED_AUTOS = YES_AGGRESSIVE;
				GCC_WARN_UNUSED_FUNCTION = YES;
				GCC_WARN_UNUSED_VARIABLE = YES;
				IPHONEOS_DEPLOYMENT_TARGET = 13.0;
				MTL_ENABLE_DEBUG_INFO = INCLUDE_SOURCE;
				MTL_FAST_MATH = YES;
				ONLY_ACTIVE_ARCH = YES;
				SDKROOT = iphoneos;
				SWIFT_ACTIVE_COMPILATION_CONDITIONS = DEBUG;
				SWIFT_OPTIMIZATION_LEVEL = "-Onone";
			};
			name = Debug;
		};
		AC64749A27D5BAEB00FAFB6E /* Release */ = {
			isa = XCBuildConfiguration;
			buildSettings = {
				ALWAYS_SEARCH_USER_PATHS = NO;
				CLANG_ANALYZER_NONNULL = YES;
				CLANG_ANALYZER_NUMBER_OBJECT_CONVERSION = YES_AGGRESSIVE;
				CLANG_CXX_LANGUAGE_STANDARD = "gnu++17";
				CLANG_CXX_LIBRARY = "libc++";
				CLANG_ENABLE_MODULES = YES;
				CLANG_ENABLE_OBJC_ARC = YES;
				CLANG_ENABLE_OBJC_WEAK = YES;
				CLANG_WARN_BLOCK_CAPTURE_AUTORELEASING = YES;
				CLANG_WARN_BOOL_CONVERSION = YES;
				CLANG_WARN_COMMA = YES;
				CLANG_WARN_CONSTANT_CONVERSION = YES;
				CLANG_WARN_DEPRECATED_OBJC_IMPLEMENTATIONS = YES;
				CLANG_WARN_DIRECT_OBJC_ISA_USAGE = YES_ERROR;
				CLANG_WARN_DOCUMENTATION_COMMENTS = YES;
				CLANG_WARN_EMPTY_BODY = YES;
				CLANG_WARN_ENUM_CONVERSION = YES;
				CLANG_WARN_INFINITE_RECURSION = YES;
				CLANG_WARN_INT_CONVERSION = YES;
				CLANG_WARN_NON_LITERAL_NULL_CONVERSION = YES;
				CLANG_WARN_OBJC_IMPLICIT_RETAIN_SELF = YES;
				CLANG_WARN_OBJC_LITERAL_CONVERSION = YES;
				CLANG_WARN_OBJC_ROOT_CLASS = YES_ERROR;
				CLANG_WARN_QUOTED_INCLUDE_IN_FRAMEWORK_HEADER = YES;
				CLANG_WARN_RANGE_LOOP_ANALYSIS = YES;
				CLANG_WARN_STRICT_PROTOTYPES = YES;
				CLANG_WARN_SUSPICIOUS_MOVE = YES;
				CLANG_WARN_UNGUARDED_AVAILABILITY = YES_AGGRESSIVE;
				CLANG_WARN_UNREACHABLE_CODE = YES;
				CLANG_WARN__DUPLICATE_METHOD_MATCH = YES;
				COPY_PHASE_STRIP = NO;
				DEBUG_INFORMATION_FORMAT = "dwarf-with-dsym";
				ENABLE_NS_ASSERTIONS = NO;
				ENABLE_STRICT_OBJC_MSGSEND = YES;
				GCC_C_LANGUAGE_STANDARD = gnu11;
				GCC_NO_COMMON_BLOCKS = YES;
				GCC_WARN_64_TO_32_BIT_CONVERSION = YES;
				GCC_WARN_ABOUT_RETURN_TYPE = YES_ERROR;
				GCC_WARN_UNDECLARED_SELECTOR = YES;
				GCC_WARN_UNINITIALIZED_AUTOS = YES_AGGRESSIVE;
				GCC_WARN_UNUSED_FUNCTION = YES;
				GCC_WARN_UNUSED_VARIABLE = YES;
				IPHONEOS_DEPLOYMENT_TARGET = 13.0;
				MTL_ENABLE_DEBUG_INFO = NO;
				MTL_FAST_MATH = YES;
				SDKROOT = iphoneos;
				SWIFT_COMPILATION_MODE = wholemodule;
				SWIFT_OPTIMIZATION_LEVEL = "-O";
				VALIDATE_PRODUCT = YES;
			};
			name = Release;
		};
		AC64749C27D5BAEB00FAFB6E /* Debug */ = {
			isa = XCBuildConfiguration;
			buildSettings = {
				ASSETCATALOG_COMPILER_APPICON_NAME = AppIcon;
				ASSETCATALOG_COMPILER_GLOBAL_ACCENT_COLOR_NAME = AccentColor;
				CODE_SIGN_STYLE = Automatic;
				CURRENT_PROJECT_VERSION = 1;
				DEVELOPMENT_TEAM = SD8J3B58T9;
				GENERATE_INFOPLIST_FILE = YES;
				INFOPLIST_FILE = "Loawa-for-iOS/Info.plist";
				INFOPLIST_KEY_CFBundleDisplayName = "로아와";
				INFOPLIST_KEY_UIApplicationSupportsIndirectInputEvents = YES;
				INFOPLIST_KEY_UILaunchStoryboardName = LaunchScreen;
				INFOPLIST_KEY_UIMainStoryboardFile = Main;
				INFOPLIST_KEY_UISupportedInterfaceOrientations_iPad = "UIInterfaceOrientationPortrait UIInterfaceOrientationPortraitUpsideDown UIInterfaceOrientationLandscapeLeft UIInterfaceOrientationLandscapeRight";
				INFOPLIST_KEY_UISupportedInterfaceOrientations_iPhone = "UIInterfaceOrientationPortrait UIInterfaceOrientationLandscapeLeft UIInterfaceOrientationLandscapeRight";
				LD_RUNPATH_SEARCH_PATHS = (
					"$(inherited)",
					"@executable_path/Frameworks",
				);
				MARKETING_VERSION = 1.0;
				PRODUCT_BUNDLE_IDENTIFIER = "Doogie.Loawa-for-iOS";
				PRODUCT_NAME = "$(TARGET_NAME)";
				SWIFT_EMIT_LOC_STRINGS = YES;
				SWIFT_VERSION = 5.0;
				TARGETED_DEVICE_FAMILY = "1,2";
			};
			name = Debug;
		};
		AC64749D27D5BAEB00FAFB6E /* Release */ = {
			isa = XCBuildConfiguration;
			buildSettings = {
				ASSETCATALOG_COMPILER_APPICON_NAME = AppIcon;
				ASSETCATALOG_COMPILER_GLOBAL_ACCENT_COLOR_NAME = AccentColor;
				CODE_SIGN_STYLE = Automatic;
				CURRENT_PROJECT_VERSION = 1;
				DEVELOPMENT_TEAM = SD8J3B58T9;
				GENERATE_INFOPLIST_FILE = YES;
				INFOPLIST_FILE = "Loawa-for-iOS/Info.plist";
				INFOPLIST_KEY_CFBundleDisplayName = "로아와";
				INFOPLIST_KEY_UIApplicationSupportsIndirectInputEvents = YES;
				INFOPLIST_KEY_UILaunchStoryboardName = LaunchScreen;
				INFOPLIST_KEY_UIMainStoryboardFile = Main;
				INFOPLIST_KEY_UISupportedInterfaceOrientations_iPad = "UIInterfaceOrientationPortrait UIInterfaceOrientationPortraitUpsideDown UIInterfaceOrientationLandscapeLeft UIInterfaceOrientationLandscapeRight";
				INFOPLIST_KEY_UISupportedInterfaceOrientations_iPhone = "UIInterfaceOrientationPortrait UIInterfaceOrientationLandscapeLeft UIInterfaceOrientationLandscapeRight";
				LD_RUNPATH_SEARCH_PATHS = (
					"$(inherited)",
					"@executable_path/Frameworks",
				);
				MARKETING_VERSION = 1.0;
				PRODUCT_BUNDLE_IDENTIFIER = "Doogie.Loawa-for-iOS";
				PRODUCT_NAME = "$(TARGET_NAME)";
				SWIFT_EMIT_LOC_STRINGS = YES;
				SWIFT_VERSION = 5.0;
				TARGETED_DEVICE_FAMILY = "1,2";
			};
			name = Release;
		};
/* End XCBuildConfiguration section */

/* Begin XCConfigurationList section */
		AC64748227D5BAEB00FAFB6E /* Build configuration list for PBXProject "Loawa-for-iOS" */ = {
			isa = XCConfigurationList;
			buildConfigurations = (
				AC64749927D5BAEB00FAFB6E /* Debug */,
				AC64749A27D5BAEB00FAFB6E /* Release */,
			);
			defaultConfigurationIsVisible = 0;
			defaultConfigurationName = Release;
		};
		AC64749B27D5BAEB00FAFB6E /* Build configuration list for PBXNativeTarget "Loawa-for-iOS" */ = {
			isa = XCConfigurationList;
			buildConfigurations = (
				AC64749C27D5BAEB00FAFB6E /* Debug */,
				AC64749D27D5BAEB00FAFB6E /* Release */,
			);
			defaultConfigurationIsVisible = 0;
			defaultConfigurationName = Release;
		};
/* End XCConfigurationList section */
	};
	rootObject = AC64747F27D5BAEB00FAFB6E /* Project object */;
}
